
Microsoft Visual Studio Solution File, Format Version 12.00
# Visual Studio Version 16
VisualStudioVersion = 16.0.31911.196
MinimumVisualStudioVersion = 10.0.40219.1
Project("{FAE04EC0-301F-11D3-BF4B-00C04F79EFBC}") = "DrPalindromeInCS", "DrPalindromeInCS\DrPalindromeInCS.csproj", "{DC15325C-293E-4988-8DCD-A020620292D3}"
EndProject
Global
	GlobalSection(SolutionConfigurationPlatforms) = preSolution
		Debug|Any CPU = Debug|Any CPU
		Release|Any CPU = Release|Any CPU
	EndGlobalSection
	GlobalSection(ProjectConfigurationPlatforms) = postSolution
		{DC15325C-293E-4988-8DCD-A020620292D3}.Debug|Any CPU.ActiveCfg = Debug|Any CPU
		{DC15325C-293E-4988-8DCD-A020620292D3}.Debug|Any CPU.Build.0 = Debug|Any CPU
		{DC15325C-293E-4988-8DCD-A020620292D3}.Release|Any CPU.ActiveCfg = Release|Any CPU
		{DC15325C-293E-4988-8DCD-A020620292D3}.Release|Any CPU.Build.0 = Release|Any CPU
	EndGlobalSection
	GlobalSection(SolutionProperties) = preSolution
		HideSolutionNode = FALSE
	EndGlobalSection
	GlobalSection(ExtensibilityGlobals) = postSolution
		SolutionGuid = {D0CC0A3A-335F-4A22-80F6-C525FB3DAC0D}
	EndGlobalSection
EndGlobal
